
Microsoft Visual Studio Solution File, Format Version 12.00
# Visual Studio Version 17
VisualStudioVersion = 17.1.32228.430
MinimumVisualStudioVersion = 10.0.40219.1
Project("{FAE04EC0-301F-11D3-BF4B-00C04F79EFBC}") = "WebApplication1", "WebApplication1\WebApplication1.csproj", "{EE15A3FF-9FA6-485A-86FB-F309A1899BF5}"
EndProject
Global
	GlobalSection(SolutionConfigurationPlatforms) = preSolution
		Debug|Any CPU = Debug|Any CPU
		Release|Any CPU = Release|Any CPU
	EndGlobalSection
	GlobalSection(ProjectConfigurationPlatforms) = postSolution
		{EE15A3FF-9FA6-485A-86FB-F309A1899BF5}.Debug|Any CPU.ActiveCfg = Debug|Any CPU
		{EE15A3FF-9FA6-485A-86FB-F309A1899BF5}.Debug|Any CPU.Build.0 = Debug|Any CPU
		{EE15A3FF-9FA6-485A-86FB-F309A1899BF5}.Release|Any CPU.ActiveCfg = Release|Any CPU
		{EE15A3FF-9FA6-485A-86FB-F309A1899BF5}.Release|Any CPU.Build.0 = Release|Any CPU
	EndGlobalSection
	GlobalSection(SolutionProperties) = preSolution
		HideSolutionNode = FALSE
	EndGlobalSection
	GlobalSection(ExtensibilityGlobals) = postSolution
		SolutionGuid = {26E045E8-01FE-4C60-9058-B78FB092A35F}
	EndGlobalSection
EndGlobal
